
Microsoft Visual Studio Solution File, Format Version 12.00
# Visual Studio Version 16
VisualStudioVersion = 16.0.30709.132
MinimumVisualStudioVersion = 10.0.40219.1
Project("{FAE04EC0-301F-11D3-BF4B-00C04F79EFBC}") = "AzFuncGetTodos", "AzFuncGetTodos\AzFuncGetTodos.csproj", "{CC4711C6-5F92-4261-90CE-6F0A7142F8D4}"
EndProject
Project("{FAE04EC0-301F-11D3-BF4B-00C04F79EFBC}") = "Infra", "Infra\Infra.csproj", "{68DFB074-AEA5-4B25-8BDA-E70ACED37495}"
EndProject
Global
	GlobalSection(SolutionConfigurationPlatforms) = preSolution
		Debug|Any CPU = Debug|Any CPU
		Release|Any CPU = Release|Any CPU
	EndGlobalSection
	GlobalSection(ProjectConfigurationPlatforms) = postSolution
		{CC4711C6-5F92-4261-90CE-6F0A7142F8D4}.Debug|Any CPU.ActiveCfg = Debug|Any CPU
		{CC4711C6-5F92-4261-90CE-6F0A7142F8D4}.Debug|Any CPU.Build.0 = Debug|Any CPU
		{CC4711C6-5F92-4261-90CE-6F0A7142F8D4}.Release|Any CPU.ActiveCfg = Release|Any CPU
		{CC4711C6-5F92-4261-90CE-6F0A7142F8D4}.Release|Any CPU.Build.0 = Release|Any CPU
		{68DFB074-AEA5-4B25-8BDA-E70ACED37495}.Debug|Any CPU.ActiveCfg = Debug|Any CPU
		{68DFB074-AEA5-4B25-8BDA-E70ACED37495}.Debug|Any CPU.Build.0 = Debug|Any CPU
		{68DFB074-AEA5-4B25-8BDA-E70ACED37495}.Release|Any CPU.ActiveCfg = Release|Any CPU
		{68DFB074-AEA5-4B25-8BDA-E70ACED37495}.Release|Any CPU.Build.0 = Release|Any CPU
	EndGlobalSection
	GlobalSection(SolutionProperties) = preSolution
		HideSolutionNode = FALSE
	EndGlobalSection
	GlobalSection(ExtensibilityGlobals) = postSolution
		SolutionGuid = {02F69A0E-B3B9-4D68-A06F-6D74DF3F41D4}
	EndGlobalSection
EndGlobal
